// !$*UTF8*$!
{
	archiveVersion = 1;
	classes = {
	};
	objectVersion = 56;
	objects = {

/* Begin PBXBuildFile section */
		850933B02BD83DE800A3B41F /* RatingControl.swift in Sources */ = {isa = PBXBuildFile; fileRef = 850933AF2BD83DE800A3B41F /* RatingControl.swift */; };
		85315F572BDAE65700B77997 /* MapViewController.swift in Sources */ = {isa = PBXBuildFile; fileRef = 85315F562BDAE65700B77997 /* MapViewController.swift */; };
		853777F42BCC4226000CD0DE /* CustomTableViewCell.swift in Sources */ = {isa = PBXBuildFile; fileRef = 853777F32BCC4226000CD0DE /* CustomTableViewCell.swift */; };
		853777F62BCC46D3000CD0DE /* PlaceModel.swift in Sources */ = {isa = PBXBuildFile; fileRef = 853777F52BCC46D3000CD0DE /* PlaceModel.swift */; };
		853777F82BCC659A000CD0DE /* NewPlaceViewController.swift in Sources */ = {isa = PBXBuildFile; fileRef = 853777F72BCC659A000CD0DE /* NewPlaceViewController.swift */; };
		855468072BCB144E006F9478 /* AppDelegate.swift in Sources */ = {isa = PBXBuildFile; fileRef = 855468062BCB144E006F9478 /* AppDelegate.swift */; };
		855468092BCB144E006F9478 /* SceneDelegate.swift in Sources */ = {isa = PBXBuildFile; fileRef = 855468082BCB144E006F9478 /* SceneDelegate.swift */; };
		8554680E2BCB144E006F9478 /* Base in Resources */ = {isa = PBXBuildFile; fileRef = 8554680D2BCB144E006F9478 /* Base */; };
		855468112BCB144E006F9478 /* MyPlaces.xcdatamodeld in Sources */ = {isa = PBXBuildFile; fileRef = 8554680F2BCB144E006F9478 /* MyPlaces.xcdatamodeld */; };
		855468132BCB144F006F9478 /* Assets.xcassets in Resources */ = {isa = PBXBuildFile; fileRef = 855468122BCB144F006F9478 /* Assets.xcassets */; };
		855468162BCB144F006F9478 /* Base in Resources */ = {isa = PBXBuildFile; fileRef = 855468152BCB144F006F9478 /* Base */; };
		8554681E2BCB147B006F9478 /* MainViewController.swift in Sources */ = {isa = PBXBuildFile; fileRef = 8554681D2BCB147B006F9478 /* MainViewController.swift */; };
		8578F5822BD18E5700607DB5 /* StorageManager.swift in Sources */ = {isa = PBXBuildFile; fileRef = 8578F5812BD18E5700607DB5 /* StorageManager.swift */; };
		8E6591FA9F7072D18CA6BD01 /* Pods_MyPlaces.framework in Frameworks */ = {isa = PBXBuildFile; fileRef = 3C75092023F519D035E4E67D /* Pods_MyPlaces.framework */; };
/* End PBXBuildFile section */

/* Begin PBXFileReference section */
		3C75092023F519D035E4E67D /* Pods_MyPlaces.framework */ = {isa = PBXFileReference; explicitFileType = wrapper.framework; includeInIndex = 0; path = Pods_MyPlaces.framework; sourceTree = BUILT_PRODUCTS_DIR; };
		79607F462FB07213853E765C /* Pods-MyPlaces.debug.xcconfig */ = {isa = PBXFileReference; includeInIndex = 1; lastKnownFileType = text.xcconfig; name = "Pods-MyPlaces.debug.xcconfig"; path = "Target Support Files/Pods-MyPlaces/Pods-MyPlaces.debug.xcconfig"; sourceTree = "<group>"; };
		850933AF2BD83DE800A3B41F /* RatingControl.swift */ = {isa = PBXFileReference; lastKnownFileType = sourcecode.swift; path = RatingControl.swift; sourceTree = "<group>"; };
		85315F562BDAE65700B77997 /* MapViewController.swift */ = {isa = PBXFileReference; lastKnownFileType = sourcecode.swift; path = MapViewController.swift; sourceTree = "<group>"; };
		853777F32BCC4226000CD0DE /* CustomTableViewCell.swift */ = {isa = PBXFileReference; lastKnownFileType = sourcecode.swift; path = CustomTableViewCell.swift; sourceTree = "<group>"; };
		853777F52BCC46D3000CD0DE /* PlaceModel.swift */ = {isa = PBXFileReference; lastKnownFileType = sourcecode.swift; path = PlaceModel.swift; sourceTree = "<group>"; };
		853777F72BCC659A000CD0DE /* NewPlaceViewController.swift */ = {isa = PBXFileReference; lastKnownFileType = sourcecode.swift; path = NewPlaceViewController.swift; sourceTree = "<group>"; };
		855468032BCB144E006F9478 /* MyPlaces.app */ = {isa = PBXFileReference; explicitFileType = wrapper.application; includeInIndex = 0; path = MyPlaces.app; sourceTree = BUILT_PRODUCTS_DIR; };
		855468062BCB144E006F9478 /* AppDelegate.swift */ = {isa = PBXFileReference; lastKnownFileType = sourcecode.swift; path = AppDelegate.swift; sourceTree = "<group>"; };
		855468082BCB144E006F9478 /* SceneDelegate.swift */ = {isa = PBXFileReference; lastKnownFileType = sourcecode.swift; path = SceneDelegate.swift; sourceTree = "<group>"; };
		8554680D2BCB144E006F9478 /* Base */ = {isa = PBXFileReference; lastKnownFileType = file.storyboard; name = Base; path = Base.lproj/Main.storyboard; sourceTree = "<group>"; };
		855468102BCB144E006F9478 /* MyPlaces.xcdatamodel */ = {isa = PBXFileReference; lastKnownFileType = wrapper.xcdatamodel; path = MyPlaces.xcdatamodel; sourceTree = "<group>"; };
		855468122BCB144F006F9478 /* Assets.xcassets */ = {isa = PBXFileReference; lastKnownFileType = folder.assetcatalog; path = Assets.xcassets; sourceTree = "<group>"; };
		855468152BCB144F006F9478 /* Base */ = {isa = PBXFileReference; lastKnownFileType = file.storyboard; name = Base; path = Base.lproj/LaunchScreen.storyboard; sourceTree = "<group>"; };
		855468172BCB144F006F9478 /* Info.plist */ = {isa = PBXFileReference; lastKnownFileType = text.plist.xml; path = Info.plist; sourceTree = "<group>"; };
		8554681D2BCB147B006F9478 /* MainViewController.swift */ = {isa = PBXFileReference; lastKnownFileType = sourcecode.swift; path = MainViewController.swift; sourceTree = "<group>"; };
		8578F5812BD18E5700607DB5 /* StorageManager.swift */ = {isa = PBXFileReference; lastKnownFileType = sourcecode.swift; path = StorageManager.swift; sourceTree = "<group>"; };
		EB79E0BC8156EA30EB3A1646 /* Pods-MyPlaces.release.xcconfig */ = {isa = PBXFileReference; includeInIndex = 1; lastKnownFileType = text.xcconfig; name = "Pods-MyPlaces.release.xcconfig"; path = "Target Support Files/Pods-MyPlaces/Pods-MyPlaces.release.xcconfig"; sourceTree = "<group>"; };
/* End PBXFileReference section */

/* Begin PBXFrameworksBuildPhase section */
		855468002BCB144E006F9478 /* Frameworks */ = {
			isa = PBXFrameworksBuildPhase;
			buildActionMask = 2147483647;
			files = (
				8E6591FA9F7072D18CA6BD01 /* Pods_MyPlaces.framework in Frameworks */,
			);
			runOnlyForDeploymentPostprocessing = 0;
		};
/* End PBXFrameworksBuildPhase section */

/* Begin PBXGroup section */
		7C82CA05C0A1F1EBE9893039 /* Frameworks */ = {
			isa = PBXGroup;
			children = (
				3C75092023F519D035E4E67D /* Pods_MyPlaces.framework */,
			);
			name = Frameworks;
			sourceTree = "<group>";
		};
		855467FA2BCB144E006F9478 = {
			isa = PBXGroup;
			children = (
				855468052BCB144E006F9478 /* MyPlaces */,
				855468042BCB144E006F9478 /* Products */,
				987AD978C4C47E83FFDC9EB1 /* Pods */,
				7C82CA05C0A1F1EBE9893039 /* Frameworks */,
			);
			sourceTree = "<group>";
		};
		855468042BCB144E006F9478 /* Products */ = {
			isa = PBXGroup;
			children = (
				855468032BCB144E006F9478 /* MyPlaces.app */,
			);
			name = Products;
			sourceTree = "<group>";
		};
		855468052BCB144E006F9478 /* MyPlaces */ = {
			isa = PBXGroup;
			children = (
				855468062BCB144E006F9478 /* AppDelegate.swift */,
				855468082BCB144E006F9478 /* SceneDelegate.swift */,
				8554681D2BCB147B006F9478 /* MainViewController.swift */,
				853777F72BCC659A000CD0DE /* NewPlaceViewController.swift */,
				85315F562BDAE65700B77997 /* MapViewController.swift */,
				853777F32BCC4226000CD0DE /* CustomTableViewCell.swift */,
				850933AF2BD83DE800A3B41F /* RatingControl.swift */,
				853777F52BCC46D3000CD0DE /* PlaceModel.swift */,
				8578F5812BD18E5700607DB5 /* StorageManager.swift */,
				8554680C2BCB144E006F9478 /* Main.storyboard */,
				855468122BCB144F006F9478 /* Assets.xcassets */,
				855468142BCB144F006F9478 /* LaunchScreen.storyboard */,
				855468172BCB144F006F9478 /* Info.plist */,
				8554680F2BCB144E006F9478 /* MyPlaces.xcdatamodeld */,
			);
			path = MyPlaces;
			sourceTree = "<group>";
		};
		987AD978C4C47E83FFDC9EB1 /* Pods */ = {
			isa = PBXGroup;
			children = (
				79607F462FB07213853E765C /* Pods-MyPlaces.debug.xcconfig */,
				EB79E0BC8156EA30EB3A1646 /* Pods-MyPlaces.release.xcconfig */,
			);
			path = Pods;
			sourceTree = "<group>";
		};
/* End PBXGroup section */

/* Begin PBXNativeTarget section */
		855468022BCB144E006F9478 /* MyPlaces */ = {
			isa = PBXNativeTarget;
			buildConfigurationList = 8554681A2BCB144F006F9478 /* Build configuration list for PBXNativeTarget "MyPlaces" */;
			buildPhases = (
				A1A17BE5FAB9AAED59A98401 /* [CP] Check Pods Manifest.lock */,
				855467FF2BCB144E006F9478 /* Sources */,
				855468002BCB144E006F9478 /* Frameworks */,
				855468012BCB144E006F9478 /* Resources */,
				690DE6C596E1D31351441B6B /* [CP] Embed Pods Frameworks */,
			);
			buildRules = (
			);
			dependencies = (
			);
			name = MyPlaces;
			productName = MyPlaces;
			productReference = 855468032BCB144E006F9478 /* MyPlaces.app */;
			productType = "com.apple.product-type.application";
		};
/* End PBXNativeTarget section */

/* Begin PBXProject section */
		855467FB2BCB144E006F9478 /* Project object */ = {
			isa = PBXProject;
			attributes = {
				BuildIndependentTargetsInParallel = 1;
				LastSwiftUpdateCheck = 1530;
				LastUpgradeCheck = 1530;
				TargetAttributes = {
					855468022BCB144E006F9478 = {
						CreatedOnToolsVersion = 15.3;
					};
				};
			};
			buildConfigurationList = 855467FE2BCB144E006F9478 /* Build configuration list for PBXProject "MyPlaces" */;
			compatibilityVersion = "Xcode 14.0";
			developmentRegion = en;
			hasScannedForEncodings = 0;
			knownRegions = (
				en,
				Base,
			);
			mainGroup = 855467FA2BCB144E006F9478;
			productRefGroup = 855468042BCB144E006F9478 /* Products */;
			projectDirPath = "";
			projectRoot = "";
			targets = (
				855468022BCB144E006F9478 /* MyPlaces */,
			);
		};
/* End PBXProject section */

/* Begin PBXResourcesBuildPhase section */
		855468012BCB144E006F9478 /* Resources */ = {
			isa = PBXResourcesBuildPhase;
			buildActionMask = 2147483647;
			files = (
				855468132BCB144F006F9478 /* Assets.xcassets in Resources */,
				855468162BCB144F006F9478 /* Base in Resources */,
				8554680E2BCB144E006F9478 /* Base in Resources */,
			);
			runOnlyForDeploymentPostprocessing = 0;
		};
/* End PBXResourcesBuildPhase section */

/* Begin PBXShellScriptBuildPhase section */
		690DE6C596E1D31351441B6B /* [CP] Embed Pods Frameworks */ = {
			isa = PBXShellScriptBuildPhase;
			buildActionMask = 2147483647;
			files = (
			);
			inputFileListPaths = (
				"${PODS_ROOT}/Target Support Files/Pods-MyPlaces/Pods-MyPlaces-frameworks-${CONFIGURATION}-input-files.xcfilelist",
			);
			name = "[CP] Embed Pods Frameworks";
			outputFileListPaths = (
				"${PODS_ROOT}/Target Support Files/Pods-MyPlaces/Pods-MyPlaces-frameworks-${CONFIGURATION}-output-files.xcfilelist",
			);
			runOnlyForDeploymentPostprocessing = 0;
			shellPath = /bin/sh;
			shellScript = "\"${PODS_ROOT}/Target Support Files/Pods-MyPlaces/Pods-MyPlaces-frameworks.sh\"\n";
			showEnvVarsInLog = 0;
		};
		A1A17BE5FAB9AAED59A98401 /* [CP] Check Pods Manifest.lock */ = {
			isa = PBXShellScriptBuildPhase;
			buildActionMask = 2147483647;
			files = (
			);
			inputFileListPaths = (
			);
			inputPaths = (
				"${PODS_PODFILE_DIR_PATH}/Podfile.lock",
				"${PODS_ROOT}/Manifest.lock",
			);
			name = "[CP] Check Pods Manifest.lock";
			outputFileListPaths = (
			);
			outputPaths = (
				"$(DERIVED_FILE_DIR)/Pods-MyPlaces-checkManifestLockResult.txt",
			);
			runOnlyForDeploymentPostprocessing = 0;
			shellPath = /bin/sh;
			shellScript = "diff \"${PODS_PODFILE_DIR_PATH}/Podfile.lock\" \"${PODS_ROOT}/Manifest.lock\" > /dev/null\nif [ $? != 0 ] ; then\n    # print error to STDERR\n    echo \"error: The sandbox is not in sync with the Podfile.lock. Run 'pod install' or update your CocoaPods installation.\" >&2\n    exit 1\nfi\n# This output is used by Xcode 'outputs' to avoid re-running this script phase.\necho \"SUCCESS\" > \"${SCRIPT_OUTPUT_FILE_0}\"\n";
			showEnvVarsInLog = 0;
		};
/* End PBXShellScriptBuildPhase section */

/* Begin PBXSourcesBuildPhase section */
		855467FF2BCB144E006F9478 /* Sources */ = {
			isa = PBXSourcesBuildPhase;
			buildActionMask = 2147483647;
			files = (
				855468072BCB144E006F9478 /* AppDelegate.swift in Sources */,
				853777F62BCC46D3000CD0DE /* PlaceModel.swift in Sources */,
				853777F42BCC4226000CD0DE /* CustomTableViewCell.swift in Sources */,
				85315F572BDAE65700B77997 /* MapViewController.swift in Sources */,
				855468092BCB144E006F9478 /* SceneDelegate.swift in Sources */,
				850933B02BD83DE800A3B41F /* RatingControl.swift in Sources */,
				853777F82BCC659A000CD0DE /* NewPlaceViewController.swift in Sources */,
				855468112BCB144E006F9478 /* MyPlaces.xcdatamodeld in Sources */,
				8554681E2BCB147B006F9478 /* MainViewController.swift in Sources */,
				8578F5822BD18E5700607DB5 /* StorageManager.swift in Sources */,
			);
			runOnlyForDeploymentPostprocessing = 0;
		};
/* End PBXSourcesBuildPhase section */

/* Begin PBXVariantGroup section */
		8554680C2BCB144E006F9478 /* Main.storyboard */ = {
			isa = PBXVariantGroup;
			children = (
				8554680D2BCB144E006F9478 /* Base */,
			);
			name = Main.storyboard;
			sourceTree = "<group>";
		};
		855468142BCB144F006F9478 /* LaunchScreen.storyboard */ = {
			isa = PBXVariantGroup;
			children = (
				855468152BCB144F006F9478 /* Base */,
			);
			name = LaunchScreen.storyboard;
			sourceTree = "<group>";
		};
/* End PBXVariantGroup section */

/* Begin XCBuildConfiguration section */
		855468182BCB144F006F9478 /* Debug */ = {
			isa = XCBuildConfiguration;
			buildSettings = {
				ALWAYS_SEARCH_USER_PATHS = NO;
				ASSETCATALOG_COMPILER_GENERATE_SWIFT_ASSET_SYMBOL_EXTENSIONS = YES;
				CLANG_ANALYZER_NONNULL = YES;
				CLANG_ANALYZER_NUMBER_OBJECT_CONVERSION = YES_AGGRESSIVE;
				CLANG_CXX_LANGUAGE_STANDARD = "gnu++20";
				CLANG_ENABLE_MODULES = YES;
				CLANG_ENABLE_OBJC_ARC = YES;
				CLANG_ENABLE_OBJC_WEAK = YES;
				CLANG_WARN_BLOCK_CAPTURE_AUTORELEASING = YES;
				CLANG_WARN_BOOL_CONVERSION = YES;
				CLANG_WARN_COMMA = YES;
				CLANG_WARN_CONSTANT_CONVERSION = YES;
				CLANG_WARN_DEPRECATED_OBJC_IMPLEMENTATIONS = YES;
				CLANG_WARN_DIRECT_OBJC_ISA_USAGE = YES_ERROR;
				CLANG_WARN_DOCUMENTATION_COMMENTS = YES;
				CLANG_WARN_EMPTY_BODY = YES;
				CLANG_WARN_ENUM_CONVERSION = YES;
				CLANG_WARN_INFINITE_RECURSION = YES;
				CLANG_WARN_INT_CONVERSION = YES;
				CLANG_WARN_NON_LITERAL_NULL_CONVERSION = YES;
				CLANG_WARN_OBJC_IMPLICIT_RETAIN_SELF = YES;
				CLANG_WARN_OBJC_LITERAL_CONVERSION = YES;
				CLANG_WARN_OBJC_ROOT_CLASS = YES_ERROR;
				CLANG_WARN_QUOTED_INCLUDE_IN_FRAMEWORK_HEADER = YES;
				CLANG_WARN_RANGE_LOOP_ANALYSIS = YES;
				CLANG_WARN_STRICT_PROTOTYPES = YES;
				CLANG_WARN_SUSPICIOUS_MOVE = YES;
				CLANG_WARN_UNGUARDED_AVAILABILITY = YES_AGGRESSIVE;
				CLANG_WARN_UNREACHABLE_CODE = YES;
				CLANG_WARN__DUPLICATE_METHOD_MATCH = YES;
				COPY_PHASE_STRIP = NO;
				DEBUG_INFORMATION_FORMAT = dwarf;
				ENABLE_STRICT_OBJC_MSGSEND = YES;
				ENABLE_TESTABILITY = YES;
				ENABLE_USER_SCRIPT_SANDBOXING = YES;
				GCC_C_LANGUAGE_STANDARD = gnu17;
				GCC_DYNAMIC_NO_PIC = NO;
				GCC_NO_COMMON_BLOCKS = YES;
				GCC_OPTIMIZATION_LEVEL = 0;
				GCC_PREPROCESSOR_DEFINITIONS = (
					"DEBUG=1",
					"$(inherited)",
				);
				GCC_WARN_64_TO_32_BIT_CONVERSION = YES;
				GCC_WARN_ABOUT_RETURN_TYPE = YES_ERROR;
				GCC_WARN_UNDECLARED_SELECTOR = YES;
				GCC_WARN_UNINITIALIZED_AUTOS = YES_AGGRESSIVE;
				GCC_WARN_UNUSED_FUNCTION = YES;
				GCC_WARN_UNUSED_VARIABLE = YES;
				IPHONEOS_DEPLOYMENT_TARGET = 17.4;
				LOCALIZATION_PREFERS_STRING_CATALOGS = YES;
				MTL_ENABLE_DEBUG_INFO = INCLUDE_SOURCE;
				MTL_FAST_MATH = YES;
				ONLY_ACTIVE_ARCH = YES;
				SDKROOT = iphoneos;
				SWIFT_ACTIVE_COMPILATION_CONDITIONS = "DEBUG $(inherited)";
				SWIFT_OPTIMIZATION_LEVEL = "-Onone";
			};
			name = Debug;
		};
		855468192BCB144F006F9478 /* Release */ = {
			isa = XCBuildConfiguration;
			buildSettings = {
				ALWAYS_SEARCH_USER_PATHS = NO;
				ASSETCATALOG_COMPILER_GENERATE_SWIFT_ASSET_SYMBOL_EXTENSIONS = YES;
				CLANG_ANALYZER_NONNULL = YES;
				CLANG_ANALYZER_NUMBER_OBJECT_CONVERSION = YES_AGGRESSIVE;
				CLANG_CXX_LANGUAGE_STANDARD = "gnu++20";
				CLANG_ENABLE_MODULES = YES;
				CLANG_ENABLE_OBJC_ARC = YES;
				CLANG_ENABLE_OBJC_WEAK = YES;
				CLANG_WARN_BLOCK_CAPTURE_AUTORELEASING = YES;
				CLANG_WARN_BOOL_CONVERSION = YES;
				CLANG_WARN_COMMA = YES;
				CLANG_WARN_CONSTANT_CONVERSION = YES;
				CLANG_WARN_DEPRECATED_OBJC_IMPLEMENTATIONS = YES;
				CLANG_WARN_DIRECT_OBJC_ISA_USAGE = YES_ERROR;
				CLANG_WARN_DOCUMENTATION_COMMENTS = YES;
				CLANG_WARN_EMPTY_BODY = YES;
				CLANG_WARN_ENUM_CONVERSION = YES;
				CLANG_WARN_INFINITE_RECURSION = YES;
				CLANG_WARN_INT_CONVERSION = YES;
				CLANG_WARN_NON_LITERAL_NULL_CONVERSION = YES;
				CLANG_WARN_OBJC_IMPLICIT_RETAIN_SELF = YES;
				CLANG_WARN_OBJC_LITERAL_CONVERSION = YES;
				CLANG_WARN_OBJC_ROOT_CLASS = YES_ERROR;
				CLANG_WARN_QUOTED_INCLUDE_IN_FRAMEWORK_HEADER = YES;
				CLANG_WARN_RANGE_LOOP_ANALYSIS = YES;
				CLANG_WARN_STRICT_PROTOTYPES = YES;
				CLANG_WARN_SUSPICIOUS_MOVE = YES;
				CLANG_WARN_UNGUARDED_AVAILABILITY = YES_AGGRESSIVE;
				CLANG_WARN_UNREACHABLE_CODE = YES;
				CLANG_WARN__DUPLICATE_METHOD_MATCH = YES;
				COPY_PHASE_STRIP = NO;
				DEBUG_INFORMATION_FORMAT = "dwarf-with-dsym";
				ENABLE_NS_ASSERTIONS = NO;
				ENABLE_STRICT_OBJC_MSGSEND = YES;
				ENABLE_USER_SCRIPT_SANDBOXING = YES;
				GCC_C_LANGUAGE_STANDARD = gnu17;
				GCC_NO_COMMON_BLOCKS = YES;
				GCC_WARN_64_TO_32_BIT_CONVERSION = YES;
				GCC_WARN_ABOUT_RETURN_TYPE = YES_ERROR;
				GCC_WARN_UNDECLARED_SELECTOR = YES;
				GCC_WARN_UNINITIALIZED_AUTOS = YES_AGGRESSIVE;
				GCC_WARN_UNUSED_FUNCTION = YES;
				GCC_WARN_UNUSED_VARIABLE = YES;
				IPHONEOS_DEPLOYMENT_TARGET = 17.4;
				LOCALIZATION_PREFERS_STRING_CATALOGS = YES;
				MTL_ENABLE_DEBUG_INFO = NO;
				MTL_FAST_MATH = YES;
				SDKROOT = iphoneos;
				SWIFT_COMPILATION_MODE = wholemodule;
				VALIDATE_PRODUCT = YES;
			};
			name = Release;
		};
		8554681B2BCB144F006F9478 /* Debug */ = {
			isa = XCBuildConfiguration;
			baseConfigurationReference = 79607F462FB07213853E765C /* Pods-MyPlaces.debug.xcconfig */;
			buildSettings = {
				ASSETCATALOG_COMPILER_APPICON_NAME = AppIcon;
				ASSETCATALOG_COMPILER_GLOBAL_ACCENT_COLOR_NAME = AccentColor;
				CODE_SIGN_STYLE = Automatic;
				CURRENT_PROJECT_VERSION = 1;
				ENABLE_USER_SCRIPT_SANDBOXING = NO;
				GENERATE_INFOPLIST_FILE = YES;
				INFOPLIST_FILE = MyPlaces/Info.plist;
				INFOPLIST_KEY_UIApplicationSupportsIndirectInputEvents = YES;
				INFOPLIST_KEY_UILaunchStoryboardName = LaunchScreen;
				INFOPLIST_KEY_UIMainStoryboardFile = Main;
				INFOPLIST_KEY_UISupportedInterfaceOrientations_iPad = "UIInterfaceOrientationPortrait UIInterfaceOrientationPortraitUpsideDown UIInterfaceOrientationLandscapeLeft UIInterfaceOrientationLandscapeRight";
				INFOPLIST_KEY_UISupportedInterfaceOrientations_iPhone = "UIInterfaceOrientationPortrait UIInterfaceOrientationLandscapeLeft UIInterfaceOrientationLandscapeRight";
				LD_RUNPATH_SEARCH_PATHS = (
					"$(inherited)",
					"@executable_path/Frameworks",
				);
				MARKETING_VERSION = 1.0;
				PRODUCT_BUNDLE_IDENTIFIER = "Pavel-Nastusevich.MyPlaces";
				PRODUCT_NAME = "$(TARGET_NAME)";
				SWIFT_EMIT_LOC_STRINGS = YES;
				SWIFT_VERSION = 5.0;
				TARGETED_DEVICE_FAMILY = "1,2";
			};
			name = Debug;
		};
		8554681C2BCB144F006F9478 /* Release */ = {
			isa = XCBuildConfiguration;
			baseConfigurationReference = EB79E0BC8156EA30EB3A1646 /* Pods-MyPlaces.release.xcconfig */;
			buildSettings = {
				ASSETCATALOG_COMPILER_APPICON_NAME = AppIcon;
				ASSETCATALOG_COMPILER_GLOBAL_ACCENT_COLOR_NAME = AccentColor;
				CODE_SIGN_STYLE = Automatic;
				CURRENT_PROJECT_VERSION = 1;
				ENABLE_USER_SCRIPT_SANDBOXING = NO;
				GENERATE_INFOPLIST_FILE = YES;
				INFOPLIST_FILE = MyPlaces/Info.plist;
				INFOPLIST_KEY_UIApplicationSupportsIndirectInputEvents = YES;
				INFOPLIST_KEY_UILaunchStoryboardName = LaunchScreen;
				INFOPLIST_KEY_UIMainStoryboardFile = Main;
				INFOPLIST_KEY_UISupportedInterfaceOrientations_iPad = "UIInterfaceOrientationPortrait UIInterfaceOrientationPortraitUpsideDown UIInterfaceOrientationLandscapeLeft UIInterfaceOrientationLandscapeRight";
				INFOPLIST_KEY_UISupportedInterfaceOrientations_iPhone = "UIInterfaceOrientationPortrait UIInterfaceOrientationLandscapeLeft UIInterfaceOrientationLandscapeRight";
				LD_RUNPATH_SEARCH_PATHS = (
					"$(inherited)",
					"@executable_path/Frameworks",
				);
				MARKETING_VERSION = 1.0;
				PRODUCT_BUNDLE_IDENTIFIER = "Pavel-Nastusevich.MyPlaces";
				PRODUCT_NAME = "$(TARGET_NAME)";
				SWIFT_EMIT_LOC_STRINGS = YES;
				SWIFT_VERSION = 5.0;
				TARGETED_DEVICE_FAMILY = "1,2";
			};
			name = Release;
		};
/* End XCBuildConfiguration section */

/* Begin XCConfigurationList section */
		855467FE2BCB144E006F9478 /* Build configuration list for PBXProject "MyPlaces" */ = {
			isa = XCConfigurationList;
			buildConfigurations = (
				855468182BCB144F006F9478 /* Debug */,
				855468192BCB144F006F9478 /* Release */,
			);
			defaultConfigurationIsVisible = 0;
			defaultConfigurationName = Release;
		};
		8554681A2BCB144F006F9478 /* Build configuration list for PBXNativeTarget "MyPlaces" */ = {
			isa = XCConfigurationList;
			buildConfigurations = (
				8554681B2BCB144F006F9478 /* Debug */,
				8554681C2BCB144F006F9478 /* Release */,
			);
			defaultConfigurationIsVisible = 0;
			defaultConfigurationName = Release;
		};
/* End XCConfigurationList section */

/* Begin XCVersionGroup section */
		8554680F2BCB144E006F9478 /* MyPlaces.xcdatamodeld */ = {
			isa = XCVersionGroup;
			children = (
				855468102BCB144E006F9478 /* MyPlaces.xcdatamodel */,
			);
			currentVersion = 855468102BCB144E006F9478 /* MyPlaces.xcdatamodel */;
			path = MyPlaces.xcdatamodeld;
			sourceTree = "<group>";
			versionGroupType = wrapper.xcdatamodel;
		};
/* End XCVersionGroup section */
	};
	rootObject = 855467FB2BCB144E006F9478 /* Project object */;
}
